
Microsoft Visual Studio Solution File, Format Version 12.00
# Visual Studio Version 17
VisualStudioVersion = 17.4.33403.182
MinimumVisualStudioVersion = 10.0.40219.1
Project("{FAE04EC0-301F-11D3-BF4B-00C04F79EFBC}") = "Kalkylator", "Kalkylator.csproj", "{26340813-CE26-4B9B-8DF1-2D8B86D4919A}"
EndProject
Global
	GlobalSection(SolutionConfigurationPlatforms) = preSolution
		Debug|Any CPU = Debug|Any CPU
		Release|Any CPU = Release|Any CPU
	EndGlobalSection
	GlobalSection(ProjectConfigurationPlatforms) = postSolution
		{26340813-CE26-4B9B-8DF1-2D8B86D4919A}.Debug|Any CPU.ActiveCfg = Debug|Any CPU
		{26340813-CE26-4B9B-8DF1-2D8B86D4919A}.Debug|Any CPU.Build.0 = Debug|Any CPU
		{26340813-CE26-4B9B-8DF1-2D8B86D4919A}.Release|Any CPU.ActiveCfg = Release|Any CPU
		{26340813-CE26-4B9B-8DF1-2D8B86D4919A}.Release|Any CPU.Build.0 = Release|Any CPU
	EndGlobalSection
	GlobalSection(SolutionProperties) = preSolution
		HideSolutionNode = FALSE
	EndGlobalSection
	GlobalSection(ExtensibilityGlobals) = postSolution
		SolutionGuid = {470EDA5F-DF9E-49EC-AD2B-0C9B2BCBCBA6}
	EndGlobalSection
EndGlobal
