
Microsoft Visual Studio Solution File, Format Version 12.00
# Visual Studio Version 17
VisualStudioVersion = 17.4.33403.182
MinimumVisualStudioVersion = 10.0.40219.1
Project("{FAE04EC0-301F-11D3-BF4B-00C04F79EFBC}") = "Lottorad", "Lottorad.csproj", "{DB3A2F49-BFF7-4EAC-936E-EE0E05A788EC}"
EndProject
Global
	GlobalSection(SolutionConfigurationPlatforms) = preSolution
		Debug|Any CPU = Debug|Any CPU
		Release|Any CPU = Release|Any CPU
	EndGlobalSection
	GlobalSection(ProjectConfigurationPlatforms) = postSolution
		{DB3A2F49-BFF7-4EAC-936E-EE0E05A788EC}.Debug|Any CPU.ActiveCfg = Debug|Any CPU
		{DB3A2F49-BFF7-4EAC-936E-EE0E05A788EC}.Debug|Any CPU.Build.0 = Debug|Any CPU
		{DB3A2F49-BFF7-4EAC-936E-EE0E05A788EC}.Release|Any CPU.ActiveCfg = Release|Any CPU
		{DB3A2F49-BFF7-4EAC-936E-EE0E05A788EC}.Release|Any CPU.Build.0 = Release|Any CPU
	EndGlobalSection
	GlobalSection(SolutionProperties) = preSolution
		HideSolutionNode = FALSE
	EndGlobalSection
	GlobalSection(ExtensibilityGlobals) = postSolution
		SolutionGuid = {5529F3E6-2C52-4FDC-8670-63F5142086A6}
	EndGlobalSection
EndGlobal
