
Microsoft Visual Studio Solution File, Format Version 12.00
# Visual Studio Version 17
VisualStudioVersion = 17.4.33403.182
MinimumVisualStudioVersion = 10.0.40219.1
Project("{9A19103F-16F7-4668-BE54-9A1E7A4F7556}") = "Kalkylator", "laboration_2\Kalkylator.csproj", "{203850D9-19A3-4E36-861A-7C7DD31B7691}"
EndProject
Global
	GlobalSection(SolutionConfigurationPlatforms) = preSolution
		Debug|Any CPU = Debug|Any CPU
		Release|Any CPU = Release|Any CPU
	EndGlobalSection
	GlobalSection(ProjectConfigurationPlatforms) = postSolution
		{203850D9-19A3-4E36-861A-7C7DD31B7691}.Debug|Any CPU.ActiveCfg = Debug|Any CPU
		{203850D9-19A3-4E36-861A-7C7DD31B7691}.Debug|Any CPU.Build.0 = Debug|Any CPU
		{203850D9-19A3-4E36-861A-7C7DD31B7691}.Release|Any CPU.ActiveCfg = Release|Any CPU
		{203850D9-19A3-4E36-861A-7C7DD31B7691}.Release|Any CPU.Build.0 = Release|Any CPU
	EndGlobalSection
	GlobalSection(SolutionProperties) = preSolution
		HideSolutionNode = FALSE
	EndGlobalSection
	GlobalSection(ExtensibilityGlobals) = postSolution
		SolutionGuid = {0C921365-9AC0-48D3-8749-9F527A7E96B5}
	EndGlobalSection
EndGlobal
